{
    "name": "developer-theme-dark",
    "version": "1.5.2",
    "lockfileVersion": 2,
    "requires": true,
    "packages": {
        "": {
            "name": "developer-theme-dark",
            "version": "1.5.2",
            "engines": {
                "vscode": "^1.13.0"
            }
        }
    }
}
